PODS:
  - Alamofire (4.2.0)
  - ReactiveCocoa (5.0.0-alpha.2):
    - ReactiveSwift (~> 1.0.0-alpha.3)
  - ReactiveSwift (1.0.0-alpha.3):
    - Result (~> 3.0)
  - Reqres (2.0.0)
  - Result (3.1.0)
  - SnapKit (3.0.2)

DEPENDENCIES:
  - Alamofire (~> 4.0)
  - ReactiveCocoa (= 5.0.0-alpha.2)
  - ReactiveSwift (= 1.0.0-alpha.3)
  - Reqres
  - SnapKit (~> 3.0)

SPEC CHECKSUMS:
  Alamofire: aa2e09d871c9160ac53c90e83c68064a94e3dfbe
  ReactiveCocoa: 14a6358d1009c90c3078bc352ce84c102b78c45e
  ReactiveSwift: d67b677f9574ba614d94022a88fcf456e77fa515
  Reqres: 7027a575c1539c9635ff11ecf04d49cdf30a2f0a
  Result: 4e3ed5995ed94d0cd6a09be9a431fce3f3624bbf
  SnapKit: 2e456761aa92d4d4067a7a5594c18769d451a8ad

PODFILE CHECKSUM: f591f29a17f1467b6c48a464f132bbbccb4c0164

COCOAPODS: 1.1.1
