PODS:
  - Alamofire (5.2.1)
  - ReactiveCocoa (11.0.0):
    - ReactiveSwift (~> 6.2)
  - ReactiveSwift (6.3.0)
  - Reqres (3.1.1)
  - SnapKit (5.0.1)

DEPENDENCIES:
  - Alamofire (~> 5.2)
  - ReactiveCocoa (~> 11.0)
  - Reqres (~> 3.1)
  - SnapKit (~> 5.0)

SPEC REPOS:
  trunk:
    - Alamofire
    - ReactiveCocoa
    - ReactiveSwift
    - Reqres
    - SnapKit

SPEC CHECKSUMS:
  Alamofire: e911732990610fe89af59ac0077f923d72dc3dfd
  ReactiveCocoa: 189fcea9c5af7e394dd8a4cfc1c6f77af9ff3598
  ReactiveSwift: 7937f26ec18d555e2a99352bd0a8b2817d1f042d
  Reqres: 4ebafc15b75c65fdf67edcec14520d43b836d4da
  SnapKit: 97b92857e3df3a0c71833cce143274bf6ef8e5eb

PODFILE CHECKSUM: 58bcee52e9123373c3df9f6a8e4a5f446e109707

COCOAPODS: 1.9.3
