// !$*UTF8*$!
{
	archiveVersion = 1;
	classes = {
	};
	objectVersion = 46;
	objects = {

/* Begin PBXBuildFile section */
		5506BFC9A891D3870660240F /* Pods_Cookbook.framework in Frameworks */ = {isa = PBXBuildFile; fileRef = 2645F78582264E8DB1374C79 /* Pods_Cookbook.framework */; };
		B4B815031E27831800C8A24B /* AppDelegate.swift in Sources */ = {isa = PBXBuildFile; fileRef = B4B815021E27831800C8A24B /* AppDelegate.swift */; };
		B4B815051E27831800C8A24B /* MasterViewController.swift in Sources */ = {isa = PBXBuildFile; fileRef = B4B815041E27831800C8A24B /* MasterViewController.swift */; };
		B4B815071E27831800C8A24B /* DetailViewController.swift in Sources */ = {isa = PBXBuildFile; fileRef = B4B815061E27831800C8A24B /* DetailViewController.swift */; };
		B4B8150A1E27831800C8A24B /* Main.storyboard in Resources */ = {isa = PBXBuildFile; fileRef = B4B815081E27831800C8A24B /* Main.storyboard */; };
		B4B8150C1E27831800C8A24B /* Assets.xcassets in Resources */ = {isa = PBXBuildFile; fileRef = B4B8150B1E27831800C8A24B /* Assets.xcassets */; };
		B4B8150F1E27831800C8A24B /* LaunchScreen.storyboard in Resources */ = {isa = PBXBuildFile; fileRef = B4B8150D1E27831800C8A24B /* LaunchScreen.storyboard */; };
		B4B815191E2785D700C8A24B /* APIService.swift in Sources */ = {isa = PBXBuildFile; fileRef = B4B815171E2785D700C8A24B /* APIService.swift */; };
		B4B8151A1E2785D700C8A24B /* Network.swift in Sources */ = {isa = PBXBuildFile; fileRef = B4B815181E2785D700C8A24B /* Network.swift */; };
		B4B8151C1E27AE9400C8A24B /* CookbookAPIService.swift in Sources */ = {isa = PBXBuildFile; fileRef = B4B8151B1E27AE9400C8A24B /* CookbookAPIService.swift */; };
/* End PBXBuildFile section */

/* Begin PBXFileReference section */
		2645F78582264E8DB1374C79 /* Pods_Cookbook.framework */ = {isa = PBXFileReference; explicitFileType = wrapper.framework; includeInIndex = 0; path = Pods_Cookbook.framework; sourceTree = BUILT_PRODUCTS_DIR; };
		B4B814FF1E27831800C8A24B /* Cookbook.app */ = {isa = PBXFileReference; explicitFileType = wrapper.application; includeInIndex = 0; path = Cookbook.app; sourceTree = BUILT_PRODUCTS_DIR; };
		B4B815021E27831800C8A24B /* AppDelegate.swift */ = {isa = PBXFileReference; lastKnownFileType = sourcecode.swift; path = AppDelegate.swift; sourceTree = "<group>"; };
		B4B815041E27831800C8A24B /* MasterViewController.swift */ = {isa = PBXFileReference; lastKnownFileType = sourcecode.swift; path = MasterViewController.swift; sourceTree = "<group>"; };
		B4B815061E27831800C8A24B /* DetailViewController.swift */ = {isa = PBXFileReference; lastKnownFileType = sourcecode.swift; path = DetailViewController.swift; sourceTree = "<group>"; };
		B4B815091E27831800C8A24B /* Base */ = {isa = PBXFileReference; lastKnownFileType = file.storyboard; name = Base; path = Base.lproj/Main.storyboard; sourceTree = "<group>"; };
		B4B8150B1E27831800C8A24B /* Assets.xcassets */ = {isa = PBXFileReference; lastKnownFileType = folder.assetcatalog; path = Assets.xcassets; sourceTree = "<group>"; };
		B4B8150E1E27831800C8A24B /* Base */ = {isa = PBXFileReference; lastKnownFileType = file.storyboard; name = Base; path = Base.lproj/LaunchScreen.storyboard; sourceTree = "<group>"; };
		B4B815101E27831800C8A24B /* Info.plist */ = {isa = PBXFileReference; lastKnownFileType = text.plist.xml; name = Info.plist; path = "Cookbook-Test-Project/Info.plist"; sourceTree = "<group>"; };
		B4B815171E2785D700C8A24B /* APIService.swift */ = {isa = PBXFileReference; fileEncoding = 4; lastKnownFileType = sourcecode.swift; path = APIService.swift; sourceTree = "<group>"; };
		B4B815181E2785D700C8A24B /* Network.swift */ = {isa = PBXFileReference; fileEncoding = 4; lastKnownFileType = sourcecode.swift; path = Network.swift; sourceTree = "<group>"; };
		B4B8151B1E27AE9400C8A24B /* CookbookAPIService.swift */ = {isa = PBXFileReference; fileEncoding = 4; lastKnownFileType = sourcecode.swift; path = CookbookAPIService.swift; sourceTree = "<group>"; };
		CBAC44D7EB70B236B6C4CA35 /* Pods-Cookbook.debug.xcconfig */ = {isa = PBXFileReference; includeInIndex = 1; lastKnownFileType = text.xcconfig; name = "Pods-Cookbook.debug.xcconfig"; path = "Target Support Files/Pods-Cookbook/Pods-Cookbook.debug.xcconfig"; sourceTree = "<group>"; };
		FEF616C3073439147E4CDE60 /* Pods-Cookbook.release.xcconfig */ = {isa = PBXFileReference; includeInIndex = 1; lastKnownFileType = text.xcconfig; name = "Pods-Cookbook.release.xcconfig"; path = "Target Support Files/Pods-Cookbook/Pods-Cookbook.release.xcconfig"; sourceTree = "<group>"; };
/* End PBXFileReference section */

/* Begin PBXFrameworksBuildPhase section */
		B4B814FC1E27831800C8A24B /* Frameworks */ = {
			isa = PBXFrameworksBuildPhase;
			buildActionMask = 2147483647;
			files = (
				5506BFC9A891D3870660240F /* Pods_Cookbook.framework in Frameworks */,
			);
			runOnlyForDeploymentPostprocessing = 0;
		};
/* End PBXFrameworksBuildPhase section */

/* Begin PBXGroup section */
		B4B814F61E27831800C8A24B = {
			isa = PBXGroup;
			children = (
				D28696B32121D16C00DA769D /* Cookbook-Test-Project */,
				B4B815101E27831800C8A24B /* Info.plist */,
				B4B815001E27831800C8A24B /* Products */,
				F79BEBFC2F3DA4EA1163EF40 /* Pods */,
				D97B6573283EBF1F07BCA249 /* Frameworks */,
			);
			sourceTree = "<group>";
		};
		B4B815001E27831800C8A24B /* Products */ = {
			isa = PBXGroup;
			children = (
				B4B814FF1E27831800C8A24B /* Cookbook.app */,
			);
			name = Products;
			sourceTree = "<group>";
		};
		D28696B32121D16C00DA769D /* Cookbook-Test-Project */ = {
			isa = PBXGroup;
			children = (
				D28696B82121D20100DA769D /* Resources */,
				D28696B42121D19800DA769D /* AppDelegates */,
				D28696B62121D1D500DA769D /* Services */,
				D28696B52121D1A000DA769D /* ViewController */,
			);
			path = "Cookbook-Test-Project";
			sourceTree = "<group>";
		};
		D28696B42121D19800DA769D /* AppDelegates */ = {
			isa = PBXGroup;
			children = (
				B4B815021E27831800C8A24B /* AppDelegate.swift */,
			);
			path = AppDelegates;
			sourceTree = "<group>";
		};
		D28696B52121D1A000DA769D /* ViewController */ = {
			isa = PBXGroup;
			children = (
				B4B815041E27831800C8A24B /* MasterViewController.swift */,
				B4B815061E27831800C8A24B /* DetailViewController.swift */,
			);
			path = ViewController;
			sourceTree = "<group>";
		};
		D28696B62121D1D500DA769D /* Services */ = {
			isa = PBXGroup;
			children = (
				D28696B92121D38200DA769D /* API */,
				B4B815181E2785D700C8A24B /* Network.swift */,
			);
			path = Services;
			sourceTree = "<group>";
		};
		D28696B82121D20100DA769D /* Resources */ = {
			isa = PBXGroup;
			children = (
				B4B8150B1E27831800C8A24B /* Assets.xcassets */,
				B4B815081E27831800C8A24B /* Main.storyboard */,
				B4B8150D1E27831800C8A24B /* LaunchScreen.storyboard */,
			);
			path = Resources;
			sourceTree = "<group>";
		};
		D28696B92121D38200DA769D /* API */ = {
			isa = PBXGroup;
			children = (
				D28696BA2121D38900DA769D /* Base */,
				B4B8151B1E27AE9400C8A24B /* CookbookAPIService.swift */,
			);
			path = API;
			sourceTree = "<group>";
		};
		D28696BA2121D38900DA769D /* Base */ = {
			isa = PBXGroup;
			children = (
				B4B815171E2785D700C8A24B /* APIService.swift */,
			);
			path = Base;
			sourceTree = "<group>";
		};
		D97B6573283EBF1F07BCA249 /* Frameworks */ = {
			isa = PBXGroup;
			children = (
				2645F78582264E8DB1374C79 /* Pods_Cookbook.framework */,
			);
			name = Frameworks;
			sourceTree = "<group>";
		};
		F79BEBFC2F3DA4EA1163EF40 /* Pods */ = {
			isa = PBXGroup;
			children = (
				CBAC44D7EB70B236B6C4CA35 /* Pods-Cookbook.debug.xcconfig */,
				FEF616C3073439147E4CDE60 /* Pods-Cookbook.release.xcconfig */,
			);
			path = Pods;
			sourceTree = "<group>";
		};
/* End PBXGroup section */

/* Begin PBXNativeTarget section */
		B4B814FE1E27831800C8A24B /* Cookbook */ = {
			isa = PBXNativeTarget;
			buildConfigurationList = B4B815131E27831800C8A24B /* Build configuration list for PBXNativeTarget "Cookbook" */;
			buildPhases = (
				2F75FC09FF5D5056A3CAEDE3 /* [CP] Check Pods Manifest.lock */,
				B4B814FB1E27831800C8A24B /* Sources */,
				B4B814FC1E27831800C8A24B /* Frameworks */,
				B4B814FD1E27831800C8A24B /* Resources */,
				5EC2BF64B368FB797D128F5F /* [CP] Embed Pods Frameworks */,
			);
			buildRules = (
			);
			dependencies = (
			);
			name = Cookbook;
			productName = "Cookbook-Test-Project";
			productReference = B4B814FF1E27831800C8A24B /* Cookbook.app */;
			productType = "com.apple.product-type.application";
		};
/* End PBXNativeTarget section */

/* Begin PBXProject section */
		B4B814F71E27831800C8A24B /* Project object */ = {
			isa = PBXProject;
			attributes = {
				LastSwiftUpdateCheck = 0820;
				LastUpgradeCheck = 0940;
				ORGANIZATIONNAME = "Dominik Vesely";
				TargetAttributes = {
					B4B814FE1E27831800C8A24B = {
						CreatedOnToolsVersion = 8.2;
						LastSwiftMigration = 1160;
						ProvisioningStyle = Automatic;
					};
				};
			};
			buildConfigurationList = B4B814FA1E27831800C8A24B /* Build configuration list for PBXProject "Cookbook" */;
			compatibilityVersion = "Xcode 3.2";
			developmentRegion = en;
			hasScannedForEncodings = 0;
			knownRegions = (
				en,
				Base,
			);
			mainGroup = B4B814F61E27831800C8A24B;
			productRefGroup = B4B815001E27831800C8A24B /* Products */;
			projectDirPath = "";
			projectRoot = "";
			targets = (
				B4B814FE1E27831800C8A24B /* Cookbook */,
			);
		};
/* End PBXProject section */

/* Begin PBXResourcesBuildPhase section */
		B4B814FD1E27831800C8A24B /* Resources */ = {
			isa = PBXResourcesBuildPhase;
			buildActionMask = 2147483647;
			files = (
				B4B8150F1E27831800C8A24B /* LaunchScreen.storyboard in Resources */,
				B4B8150C1E27831800C8A24B /* Assets.xcassets in Resources */,
				B4B8150A1E27831800C8A24B /* Main.storyboard in Resources */,
			);
			runOnlyForDeploymentPostprocessing = 0;
		};
/* End PBXResourcesBuildPhase section */

/* Begin PBXShellScriptBuildPhase section */
		2F75FC09FF5D5056A3CAEDE3 /* [CP] Check Pods Manifest.lock */ = {
			isa = PBXShellScriptBuildPhase;
			buildActionMask = 2147483647;
			files = (
			);
			inputFileListPaths = (
			);
			inputPaths = (
				"${PODS_PODFILE_DIR_PATH}/Podfile.lock",
				"${PODS_ROOT}/Manifest.lock",
			);
			name = "[CP] Check Pods Manifest.lock";
			outputFileListPaths = (
			);
			outputPaths = (
				"$(DERIVED_FILE_DIR)/Pods-Cookbook-checkManifestLockResult.txt",
			);
			runOnlyForDeploymentPostprocessing = 0;
			shellPath = /bin/sh;
			shellScript = "diff \"${PODS_PODFILE_DIR_PATH}/Podfile.lock\" \"${PODS_ROOT}/Manifest.lock\" > /dev/null\nif [ $? != 0 ] ; then\n    # print error to STDERR\n    echo \"error: The sandbox is not in sync with the Podfile.lock. Run 'pod install' or update your CocoaPods installation.\" >&2\n    exit 1\nfi\n# This output is used by Xcode 'outputs' to avoid re-running this script phase.\necho \"SUCCESS\" > \"${SCRIPT_OUTPUT_FILE_0}\"\n";
			showEnvVarsInLog = 0;
		};
		5EC2BF64B368FB797D128F5F /* [CP] Embed Pods Frameworks */ = {
			isa = PBXShellScriptBuildPhase;
			buildActionMask = 2147483647;
			files = (
			);
			inputPaths = (
				"${PODS_ROOT}/Target Support Files/Pods-Cookbook/Pods-Cookbook-frameworks.sh",
				"${BUILT_PRODUCTS_DIR}/Alamofire/Alamofire.framework",
				"${BUILT_PRODUCTS_DIR}/ReactiveCocoa/ReactiveCocoa.framework",
				"${BUILT_PRODUCTS_DIR}/ReactiveSwift/ReactiveSwift.framework",
				"${BUILT_PRODUCTS_DIR}/Reqres/Reqres.framework",
				"${BUILT_PRODUCTS_DIR}/SnapKit/SnapKit.framework",
			);
			name = "[CP] Embed Pods Frameworks";
			outputPaths = (
				"${TARGET_BUILD_DIR}/${FRAMEWORKS_FOLDER_PATH}/Alamofire.framework",
				"${TARGET_BUILD_DIR}/${FRAMEWORKS_FOLDER_PATH}/ReactiveCocoa.framework",
				"${TARGET_BUILD_DIR}/${FRAMEWORKS_FOLDER_PATH}/ReactiveSwift.framework",
				"${TARGET_BUILD_DIR}/${FRAMEWORKS_FOLDER_PATH}/Reqres.framework",
				"${TARGET_BUILD_DIR}/${FRAMEWORKS_FOLDER_PATH}/SnapKit.framework",
			);
			runOnlyForDeploymentPostprocessing = 0;
			shellPath = /bin/sh;
			shellScript = "\"${PODS_ROOT}/Target Support Files/Pods-Cookbook/Pods-Cookbook-frameworks.sh\"\n";
			showEnvVarsInLog = 0;
		};
/* End PBXShellScriptBuildPhase section */

/* Begin PBXSourcesBuildPhase section */
		B4B814FB1E27831800C8A24B /* Sources */ = {
			isa = PBXSourcesBuildPhase;
			buildActionMask = 2147483647;
			files = (
				B4B8151A1E2785D700C8A24B /* Network.swift in Sources */,
				B4B815071E27831800C8A24B /* DetailViewController.swift in Sources */,
				B4B815051E27831800C8A24B /* MasterViewController.swift in Sources */,
				B4B8151C1E27AE9400C8A24B /* CookbookAPIService.swift in Sources */,
				B4B815191E2785D700C8A24B /* APIService.swift in Sources */,
				B4B815031E27831800C8A24B /* AppDelegate.swift in Sources */,
			);
			runOnlyForDeploymentPostprocessing = 0;
		};
/* End PBXSourcesBuildPhase section */

/* Begin PBXVariantGroup section */
		B4B815081E27831800C8A24B /* Main.storyboard */ = {
			isa = PBXVariantGroup;
			children = (
				B4B815091E27831800C8A24B /* Base */,
			);
			name = Main.storyboard;
			sourceTree = "<group>";
		};
		B4B8150D1E27831800C8A24B /* LaunchScreen.storyboard */ = {
			isa = PBXVariantGroup;
			children = (
				B4B8150E1E27831800C8A24B /* Base */,
			);
			name = LaunchScreen.storyboard;
			sourceTree = "<group>";
		};
/* End PBXVariantGroup section */

/* Begin XCBuildConfiguration section */
		B4B815111E27831800C8A24B /* Debug */ = {
			isa = XCBuildConfiguration;
			buildSettings = {
				ALWAYS_SEARCH_USER_PATHS = NO;
				CLANG_ANALYZER_NONNULL = YES;
				CLANG_CXX_LANGUAGE_STANDARD = "gnu++0x";
				CLANG_CXX_LIBRARY = "libc++";
				CLANG_ENABLE_MODULES = YES;
				CLANG_ENABLE_OBJC_ARC = YES;
				CLANG_WARN_BLOCK_CAPTURE_AUTORELEASING = YES;
				CLANG_WARN_BOOL_CONVERSION = YES;
				CLANG_WARN_COMMA = YES;
				CLANG_WARN_CONSTANT_CONVERSION = YES;
				CLANG_WARN_DEPRECATED_OBJC_IMPLEMENTATIONS = YES;
				CLANG_WARN_DIRECT_OBJC_ISA_USAGE = YES_ERROR;
				CLANG_WARN_DOCUMENTATION_COMMENTS = YES;
				CLANG_WARN_EMPTY_BODY = YES;
				CLANG_WARN_ENUM_CONVERSION = YES;
				CLANG_WARN_INFINITE_RECURSION = YES;
				CLANG_WARN_INT_CONVERSION = YES;
				CLANG_WARN_NON_LITERAL_NULL_CONVERSION = YES;
				CLANG_WARN_OBJC_IMPLICIT_RETAIN_SELF = YES;
				CLANG_WARN_OBJC_LITERAL_CONVERSION = YES;
				CLANG_WARN_OBJC_ROOT_CLASS = YES_ERROR;
				CLANG_WARN_RANGE_LOOP_ANALYSIS = YES;
				CLANG_WARN_STRICT_PROTOTYPES = YES;
				CLANG_WARN_SUSPICIOUS_MOVE = YES;
				CLANG_WARN_UNREACHABLE_CODE = YES;
				CLANG_WARN__DUPLICATE_METHOD_MATCH = YES;
				"CODE_SIGN_IDENTITY[sdk=iphoneos*]" = "iPhone Developer";
				COPY_PHASE_STRIP = NO;
				DEBUG_INFORMATION_FORMAT = dwarf;
				ENABLE_STRICT_OBJC_MSGSEND = YES;
				ENABLE_TESTABILITY = YES;
				GCC_C_LANGUAGE_STANDARD = gnu99;
				GCC_DYNAMIC_NO_PIC = NO;
				GCC_NO_COMMON_BLOCKS = YES;
				GCC_OPTIMIZATION_LEVEL = 0;
				GCC_PREPROCESSOR_DEFINITIONS = (
					"DEBUG=1",
					"$(inherited)",
				);
				GCC_WARN_64_TO_32_BIT_CONVERSION = YES;
				GCC_WARN_ABOUT_RETURN_TYPE = YES_ERROR;
				GCC_WARN_UNDECLARED_SELECTOR = YES;
				GCC_WARN_UNINITIALIZED_AUTOS = YES_AGGRESSIVE;
				GCC_WARN_UNUSED_FUNCTION = YES;
				GCC_WARN_UNUSED_VARIABLE = YES;
				IPHONEOS_DEPLOYMENT_TARGET = 10.2;
				MTL_ENABLE_DEBUG_INFO = YES;
				ONLY_ACTIVE_ARCH = YES;
				SDKROOT = iphoneos;
				SWIFT_ACTIVE_COMPILATION_CONDITIONS = DEBUG;
				SWIFT_OPTIMIZATION_LEVEL = "-Onone";
				TARGETED_DEVICE_FAMILY = "1,2";
			};
			name = Debug;
		};
		B4B815121E27831800C8A24B /* Release */ = {
			isa = XCBuildConfiguration;
			buildSettings = {
				ALWAYS_SEARCH_USER_PATHS = NO;
				CLANG_ANALYZER_NONNULL = YES;
				CLANG_CXX_LANGUAGE_STANDARD = "gnu++0x";
				CLANG_CXX_LIBRARY = "libc++";
				CLANG_ENABLE_MODULES = YES;
				CLANG_ENABLE_OBJC_ARC = YES;
				CLANG_WARN_BLOCK_CAPTURE_AUTORELEASING = YES;
				CLANG_WARN_BOOL_CONVERSION = YES;
				CLANG_WARN_COMMA = YES;
				CLANG_WARN_CONSTANT_CONVERSION = YES;
				CLANG_WARN_DEPRECATED_OBJC_IMPLEMENTATIONS = YES;
				CLANG_WARN_DIRECT_OBJC_ISA_USAGE = YES_ERROR;
				CLANG_WARN_DOCUMENTATION_COMMENTS = YES;
				CLANG_WARN_EMPTY_BODY = YES;
				CLANG_WARN_ENUM_CONVERSION = YES;
				CLANG_WARN_INFINITE_RECURSION = YES;
				CLANG_WARN_INT_CONVERSION = YES;
				CLANG_WARN_NON_LITERAL_NULL_CONVERSION = YES;
				CLANG_WARN_OBJC_IMPLICIT_RETAIN_SELF = YES;
				CLANG_WARN_OBJC_LITERAL_CONVERSION = YES;
				CLANG_WARN_OBJC_ROOT_CLASS = YES_ERROR;
				CLANG_WARN_RANGE_LOOP_ANALYSIS = YES;
				CLANG_WARN_STRICT_PROTOTYPES = YES;
				CLANG_WARN_SUSPICIOUS_MOVE = YES;
				CLANG_WARN_UNREACHABLE_CODE = YES;
				CLANG_WARN__DUPLICATE_METHOD_MATCH = YES;
				"CODE_SIGN_IDENTITY[sdk=iphoneos*]" = "iPhone Developer";
				COPY_PHASE_STRIP = NO;
				DEBUG_INFORMATION_FORMAT = "dwarf-with-dsym";
				ENABLE_NS_ASSERTIONS = NO;
				ENABLE_STRICT_OBJC_MSGSEND = YES;
				GCC_C_LANGUAGE_STANDARD = gnu99;
				GCC_NO_COMMON_BLOCKS = YES;
				GCC_WARN_64_TO_32_BIT_CONVERSION = YES;
				GCC_WARN_ABOUT_RETURN_TYPE = YES_ERROR;
				GCC_WARN_UNDECLARED_SELECTOR = YES;
				GCC_WARN_UNINITIALIZED_AUTOS = YES_AGGRESSIVE;
				GCC_WARN_UNUSED_FUNCTION = YES;
				GCC_WARN_UNUSED_VARIABLE = YES;
				IPHONEOS_DEPLOYMENT_TARGET = 10.2;
				MTL_ENABLE_DEBUG_INFO = NO;
				SDKROOT = iphoneos;
				SWIFT_OPTIMIZATION_LEVEL = "-Owholemodule";
				TARGETED_DEVICE_FAMILY = "1,2";
				VALIDATE_PRODUCT = YES;
			};
			name = Release;
		};
		B4B815141E27831800C8A24B /* Debug */ = {
			isa = XCBuildConfiguration;
			baseConfigurationReference = CBAC44D7EB70B236B6C4CA35 /* Pods-Cookbook.debug.xcconfig */;
			buildSettings = {
				ASSETCATALOG_COMPILER_APPICON_NAME = AppIcon;
				INFOPLIST_FILE = "Cookbook-Test-Project/Info.plist";
				LD_RUNPATH_SEARCH_PATHS = "$(inherited) @executable_path/Frameworks";
				PRODUCT_BUNDLE_IDENTIFIER = cz.ackee.cookbook;
				PRODUCT_NAME = "$(TARGET_NAME)";
				SWIFT_VERSION = 5.0;
			};
			name = Debug;
		};
		B4B815151E27831800C8A24B /* Release */ = {
			isa = XCBuildConfiguration;
			baseConfigurationReference = FEF616C3073439147E4CDE60 /* Pods-Cookbook.release.xcconfig */;
			buildSettings = {
				ASSETCATALOG_COMPILER_APPICON_NAME = AppIcon;
				INFOPLIST_FILE = "Cookbook-Test-Project/Info.plist";
				LD_RUNPATH_SEARCH_PATHS = "$(inherited) @executable_path/Frameworks";
				PRODUCT_BUNDLE_IDENTIFIER = cz.ackee.cookbook;
				PRODUCT_NAME = "$(TARGET_NAME)";
				SWIFT_VERSION = 5.0;
			};
			name = Release;
		};
/* End XCBuildConfiguration section */

/* Begin XCConfigurationList section */
		B4B814FA1E27831800C8A24B /* Build configuration list for PBXProject "Cookbook" */ = {
			isa = XCConfigurationList;
			buildConfigurations = (
				B4B815111E27831800C8A24B /* Debug */,
				B4B815121E27831800C8A24B /* Release */,
			);
			defaultConfigurationIsVisible = 0;
			defaultConfigurationName = Release;
		};
		B4B815131E27831800C8A24B /* Build configuration list for PBXNativeTarget "Cookbook" */ = {
			isa = XCConfigurationList;
			buildConfigurations = (
				B4B815141E27831800C8A24B /* Debug */,
				B4B815151E27831800C8A24B /* Release */,
			);
			defaultConfigurationIsVisible = 0;
			defaultConfigurationName = Release;
		};
/* End XCConfigurationList section */
	};
	rootObject = B4B814F71E27831800C8A24B /* Project object */;
}
